{
  "name": "country-flags-css",
  "version": "1.0.2",
  "lockfileVersion": 1,
  "dependencies": {
    "mkdir-recursive": {
      "version": "0.4.0",
      "resolved": "https://registry.npmjs.org/mkdir-recursive/-/mkdir-recursive-0.4.0.tgz",
      "integrity": "sha512-gbTtiEu8P/GSMh1lAa0YYNr8XIfDzFgnWtetw3Hfz9nw6YXySHNYOZF/uUTgyp8GHvFnNw/EG7VhOkD6zfVb6A==",
      "dev": true
    },
    "world-countries": {
      "version": "2.0.0",
      "resolved": "https://registry.npmjs.org/world-countries/-/world-countries-2.0.0.tgz",
      "integrity": "sha512-f/Atl3VHj/FxFEw5jVkTkKofbbD8z/WF/PCpmv3JPrUR2X/XtuApulLy8QwKcyrurlDDRO0lGPvX+m0GzjxaNQ==",
      "dev": true
    }
  }
}
